[[package]]
name = "bitbar-speedruncom"
version = "0.1.0"
dependencies = [
 "wrapped_enum 0.1.3 (registry+https://github.com/rust-lang/crates.io-index)",
]

[[package]]
name = "wrapped_enum"
version = "0.1.3"
source = "registry+https://github.com/rust-lang/crates.io-index"

[metadata]
"checksum wrapped_enum 0.1.3 (registry+https://github.com/rust-lang/crates.io-index)" = "c02a6cfb0c9dbc90cf0cf8c03ea319009f8d9ed678008b0fa1bf0268e19a1699"
